
Microsoft Visual Studio Solution File, Format Version 12.00
# Visual Studio 15
VisualStudioVersion = 15.0.28307.136
MinimumVisualStudioVersion = 10.0.40219.1
Project("{FAE04EC0-301F-11D3-BF4B-00C04F79EFBC}") = "UrlsAndRoutes", "UrlsAndRoutes\UrlsAndRoutes.csproj", "{7173A9CB-C4CF-4067-BE0D-0615EB43A44A}"
EndProject
Global
	GlobalSection(SolutionConfigurationPlatforms) = preSolution
		Debug|Any CPU = Debug|Any CPU
		Release|Any CPU = Release|Any CPU
	EndGlobalSection
	GlobalSection(ProjectConfigurationPlatforms) = postSolution
		{7173A9CB-C4CF-4067-BE0D-0615EB43A44A}.Debug|Any CPU.ActiveCfg = Debug|Any CPU
		{7173A9CB-C4CF-4067-BE0D-0615EB43A44A}.Debug|Any CPU.Build.0 = Debug|Any CPU
		{7173A9CB-C4CF-4067-BE0D-0615EB43A44A}.Release|Any CPU.ActiveCfg = Release|Any CPU
		{7173A9CB-C4CF-4067-BE0D-0615EB43A44A}.Release|Any CPU.Build.0 = Release|Any CPU
	EndGlobalSection
	GlobalSection(SolutionProperties) = preSolution
		HideSolutionNode = FALSE
	EndGlobalSection
	GlobalSection(ExtensibilityGlobals) = postSolution
		SolutionGuid = {3ECA2CCA-7870-41A1-BDEE-34C8B547B31A}
	EndGlobalSection
EndGlobal
