
Microsoft Visual Studio Solution File, Format Version 12.00
# Visual Studio 15
VisualStudioVersion = 15.0.28307.136
MinimumVisualStudioVersion = 10.0.40219.1
Project("{FAE04EC0-301F-11D3-BF4B-00C04F79EFBC}") = "ViewComponents", "ViewComponents\ViewComponents.csproj", "{72F2AF92-BBC1-40F5-81F5-98FDB27A9FAD}"
EndProject
Global
	GlobalSection(SolutionConfigurationPlatforms) = preSolution
		Debug|Any CPU = Debug|Any CPU
		Release|Any CPU = Release|Any CPU
	EndGlobalSection
	GlobalSection(ProjectConfigurationPlatforms) = postSolution
		{72F2AF92-BBC1-40F5-81F5-98FDB27A9FAD}.Debug|Any CPU.ActiveCfg = Debug|Any CPU
		{72F2AF92-BBC1-40F5-81F5-98FDB27A9FAD}.Debug|Any CPU.Build.0 = Debug|Any CPU
		{72F2AF92-BBC1-40F5-81F5-98FDB27A9FAD}.Release|Any CPU.ActiveCfg = Release|Any CPU
		{72F2AF92-BBC1-40F5-81F5-98FDB27A9FAD}.Release|Any CPU.Build.0 = Release|Any CPU
	EndGlobalSection
	GlobalSection(SolutionProperties) = preSolution
		HideSolutionNode = FALSE
	EndGlobalSection
	GlobalSection(ExtensibilityGlobals) = postSolution
		SolutionGuid = {F73D1CCC-23DF-4B5A-A55A-A150A62CBACD}
	EndGlobalSection
EndGlobal
