
Microsoft Visual Studio Solution File, Format Version 12.00
# Visual Studio 15
VisualStudioVersion = 15.0.28307.136
MinimumVisualStudioVersion = 10.0.40219.1
Project("{FAE04EC0-301F-11D3-BF4B-00C04F79EFBC}") = "01.HelloAspNetCoreMvc", "01.HelloAspNetCoreMvc\01.HelloAspNetCoreMvc.csproj", "{C820259F-AAFD-4F57-BB51-7212AC3B7109}"
EndProject
Global
	GlobalSection(SolutionConfigurationPlatforms) = preSolution
		Debug|Any CPU = Debug|Any CPU
		Release|Any CPU = Release|Any CPU
	EndGlobalSection
	GlobalSection(ProjectConfigurationPlatforms) = postSolution
		{C820259F-AAFD-4F57-BB51-7212AC3B7109}.Debug|Any CPU.ActiveCfg = Debug|Any CPU
		{C820259F-AAFD-4F57-BB51-7212AC3B7109}.Debug|Any CPU.Build.0 = Debug|Any CPU
		{C820259F-AAFD-4F57-BB51-7212AC3B7109}.Release|Any CPU.ActiveCfg = Release|Any CPU
		{C820259F-AAFD-4F57-BB51-7212AC3B7109}.Release|Any CPU.Build.0 = Release|Any CPU
	EndGlobalSection
	GlobalSection(SolutionProperties) = preSolution
		HideSolutionNode = FALSE
	EndGlobalSection
	GlobalSection(ExtensibilityGlobals) = postSolution
		SolutionGuid = {908AC8E9-FB54-412D-94C8-F94F91A8F5D0}
	EndGlobalSection
EndGlobal
